<?xml version="1.0" encoding="UTF-8" standalone="yes" ?>
<CodeBlocks_project_file>
	<FileVersion major="1" minor="6" />
	<Project>
		<Option title="Curve Project" />
		<Option pch_mode="2" />
		<Option compiler="gcc" />
		<Option extended_obj_names="1" />
		<Build>
			<Target title="Debug">
				<Option output="bin/Debug/Curve Project" prefix_auto="1" extension_auto="1" />
				<Option working_dir="bin/Debug" />
				<Option object_output="obj/Debug/" />
				<Option type="1" />
				<Option compiler="gcc" />
				<Compiler>
					<Add option="-g" />
					<Add option="-DDEBUG" />
					<Add option="-DSFML_STATIC" />
					<Add option="-DGLEW_STATIC" />
				</Compiler>
				<Linker>
					<Add library="sfml-graphics-s-d" />
					<Add library="sfml-window-s-d" />
					<Add library="sfml-network-s-d" />
					<Add library="sfml-system-s-d" />
					<Add library="libfreetype" />
					<Add library="libglew" />
					<Add library="libjpeg" />
					<Add library="libopenal32" />
					<Add library="libsndfile" />
					<Add library="opengl32" />
					<Add library="ws2_32" />
					<Add library="Gdi32" />
					<Add library="Winmm" />
					<Add directory="../../SFML-master/extlibs/libs-mingw/x86" />
				</Linker>
			</Target>
			<Target title="Release">
				<Option output="bin/Release/Curve Project" prefix_auto="1" extension_auto="1" />
				<Option working_dir="bin/Release/" />
				<Option object_output="obj/Release/" />
				<Option type="1" />
				<Option compiler="gcc" />
				<Option use_console_runner="0" />
				<Compiler>
					<Add option="-O2" />
					<Add option="-DSFML_STATIC" />
				</Compiler>
				<Linker>
					<Add option="-s" />
					<Add library="sfml-graphics-s" />
					<Add library="sfml-window-s" />
					<Add library="sfml-network-s" />
					<Add library="sfml-system-s" />
					<Add library="libfreetype" />
					<Add library="libglew" />
					<Add library="libjpeg" />
					<Add library="libopenal32" />
					<Add library="libsndfile" />
					<Add library="opengl32" />
					<Add library="ws2_32" />
					<Add library="Gdi32" />
					<Add library="Winmm" />
					<Add directory="../../SFML-master/extlibs/libs-mingw/x86" />
				</Linker>
			</Target>
			<Target title="Profile">
				<Option output="bin/Debug/Curve Project Profiler" prefix_auto="1" extension_auto="1" />
				<Option working_dir="bin/Debug" />
				<Option object_output="obj/Profile/" />
				<Option type="1" />
				<Option compiler="gcc" />
				<Compiler>
					<Add option="-pg" />
					<Add option="-g" />
				</Compiler>
				<Linker>
					<Add option="-pg -lgmon" />
				</Linker>
			</Target>
			<Target title="Release Dynamic">
				<Option output="bin/ReleaseD/Curve Project" prefix_auto="1" extension_auto="1" />
				<Option working_dir="bin/ReleaseD/" />
				<Option object_output="obj/ReleaseD/" />
				<Option type="1" />
				<Option compiler="gcc" />
				<Option use_console_runner="0" />
				<Compiler>
					<Add option="-O2" />
				</Compiler>
				<Linker>
					<Add option="-s" />
					<Add library="sfml-graphics" />
					<Add library="sfml-window" />
					<Add library="sfml-network" />
					<Add library="sfml-system" />
				</Linker>
			</Target>
		</Build>
		<Compiler>
			<Add option="-Wall" />
			<Add directory="../../SFML-master/include" />
		</Compiler>
		<Linker>
			<Add directory="../../SFML-master/lib" />
		</Linker>
		<Unit filename="classes/client.h" />
		<Unit filename="classes/config.cpp" />
		<Unit filename="classes/config.h" />
		<Unit filename="classes/enum.cpp" />
		<Unit filename="classes/enum.h" />
		<Unit filename="classes/game.cpp" />
		<Unit filename="classes/game.h" />
		<Unit filename="classes/game_setup.cpp" />
		<Unit filename="classes/game_setup.h" />
		<Unit filename="classes/game_setup_mp.cpp" />
		<Unit filename="classes/game_setup_mp.h" />
		<Unit filename="classes/game_store.cpp" />
		<Unit filename="classes/game_store.h" />
		<Unit filename="classes/main_menu.cpp" />
		<Unit filename="classes/main_menu.h" />
		<Unit filename="classes/pending.h" />
		<Unit filename="classes/player.cpp" />
		<Unit filename="classes/player.h" />
		<Unit filename="classes/powerup.cpp" />
		<Unit filename="classes/powerup.h" />
		<Unit filename="classes/powerup_effect.cpp" />
		<Unit filename="classes/powerup_effect.h" />
		<Unit filename="classes/powerup_sprite.cpp" />
		<Unit filename="classes/powerup_sprite.h" />
		<Unit filename="classes/server.h" />
		<Unit filename="classes/text_button.cpp" />
		<Unit filename="classes/text_button.h" />
		<Unit filename="curve.h" />
		<Unit filename="functions/Renderer.cpp" />
		<Unit filename="functions/client.cpp" />
		<Unit filename="functions/event_handler.cpp" />
		<Unit filename="functions/functions.h" />
		<Unit filename="functions/game.cpp" />
		<Unit filename="functions/game_setup.cpp" />
		<Unit filename="functions/general.cpp" />
		<Unit filename="functions/server.cpp" />
		<Unit filename="main.cpp" />
		<Unit filename="resources.rc">
			<Option compilerVar="WINDRES" />
		</Unit>
		<Extensions>
			<code_completion />
			<envvars />
			<debugger />
			<lib_finder disable_auto="1" />
		</Extensions>
	</Project>
</CodeBlocks_project_file>
